
Microsoft Visual Studio Solution File, Format Version 12.00
# Visual Studio 2012
Project("{FAE04EC0-301F-11D3-BF4B-00C04F79EFBC}") = "ConsoleDemo", "ConsoleDemo\ConsoleDemo.csproj", "{67FB10DD-AAAF-4F0B-A21A-DC5D499D239C}"
EndProject
Project("{FAE04EC0-301F-11D3-BF4B-00C04F79EFBC}") = "WinFormDemo", "WinFormDemo\WinFormDemo.csproj", "{D1F6D495-D6A9-43DE-8892-35D2933B606F}"
EndProject
Project("{2150E333-8FDC-42A3-9474-1A3956D46DE8}") = "NamedPipeDemo", "NamedPipeDemo", "{920986F6-A7C3-4538-9774-590F01B04ECC}"
EndProject
Project("{FAE04EC0-301F-11D3-BF4B-00C04F79EFBC}") = "Server", "Server\Server.csproj", "{A971B6B8-D067-4E3D-B494-185665F72867}"
EndProject
Project("{FAE04EC0-301F-11D3-BF4B-00C04F79EFBC}") = "Client", "Client\Client.csproj", "{9F9DD3E1-F45E-40C5-B3B6-3A9A94EA876D}"
EndProject
Project("{2150E333-8FDC-42A3-9474-1A3956D46DE8}") = "ParallelDemos", "ParallelDemos", "{7A3AD14F-BC6C-43A6-81B0-9B0D146598D5}"
EndProject
Project("{2150E333-8FDC-42A3-9474-1A3956D46DE8}") = "EFDemos", "EFDemos", "{69DC9E5A-CE3E-460F-B217-4F3159868A23}"
EndProject
Project("{FAE04EC0-301F-11D3-BF4B-00C04F79EFBC}") = "EF6Demos", "EF6Demos\EF6Demos.csproj", "{C800631A-DF75-4120-A1B7-AA36661BEC57}"
EndProject
Project("{2150E333-8FDC-42A3-9474-1A3956D46DE8}") = "MEF", "MEF", "{17D3EF16-B39D-4F89-BA79-3FD88258E829}"
EndProject
Project("{FAE04EC0-301F-11D3-BF4B-00C04F79EFBC}") = "BankCardInterface", "BankCardInterface\BankCardInterface.csproj", "{77113416-956F-49AA-A756-C924F7FDD953}"
EndProject
Project("{FAE04EC0-301F-11D3-BF4B-00C04F79EFBC}") = "BOCCard", "BOCCard\BOCCard.csproj", "{B6B5DC18-2A47-4256-99CE-D226B955E474}"
EndProject
Project("{FAE04EC0-301F-11D3-BF4B-00C04F79EFBC}") = "MEFDemo", "MEFDemo\MEFDemo.csproj", "{E18DB926-1EE1-4F4F-B329-2B81A3DF629A}"
EndProject
Project("{FAE04EC0-301F-11D3-BF4B-00C04F79EFBC}") = "ABCCard", "ABCCard\ABCCard.csproj", "{5E48A507-7EE6-49B9-9765-D4440BD51478}"
EndProject
Project("{2150E333-8FDC-42A3-9474-1A3956D46DE8}") = "Misc", "Misc", "{F710D521-FD74-4FE3-8B4C-293BBB77304B}"
EndProject
Project("{FAE04EC0-301F-11D3-BF4B-00C04F79EFBC}") = "Misc", "Misc\Misc.csproj", "{C5538852-1B65-40EB-9E8B-C23F4B341AB3}"
EndProject
Global
	GlobalSection(SolutionConfigurationPlatforms) = preSolution
		Debug|Any CPU = Debug|Any CPU
		Debug|x86 = Debug|x86
		Release|Any CPU = Release|Any CPU
		Release|x86 = Release|x86
	EndGlobalSection
	GlobalSection(ProjectConfigurationPlatforms) = postSolution
		{67FB10DD-AAAF-4F0B-A21A-DC5D499D239C}.Debug|Any CPU.ActiveCfg = Debug|Any CPU
		{67FB10DD-AAAF-4F0B-A21A-DC5D499D239C}.Debug|Any CPU.Build.0 = Debug|Any CPU
		{67FB10DD-AAAF-4F0B-A21A-DC5D499D239C}.Debug|x86.ActiveCfg = Release|x86
		{67FB10DD-AAAF-4F0B-A21A-DC5D499D239C}.Debug|x86.Build.0 = Release|x86
		{67FB10DD-AAAF-4F0B-A21A-DC5D499D239C}.Release|Any CPU.ActiveCfg = Release|Any CPU
		{67FB10DD-AAAF-4F0B-A21A-DC5D499D239C}.Release|Any CPU.Build.0 = Release|Any CPU
		{67FB10DD-AAAF-4F0B-A21A-DC5D499D239C}.Release|x86.ActiveCfg = Release|x86
		{D1F6D495-D6A9-43DE-8892-35D2933B606F}.Debug|Any CPU.ActiveCfg = Debug|Any CPU
		{D1F6D495-D6A9-43DE-8892-35D2933B606F}.Debug|Any CPU.Build.0 = Debug|Any CPU
		{D1F6D495-D6A9-43DE-8892-35D2933B606F}.Debug|x86.ActiveCfg = Debug|Any CPU
		{D1F6D495-D6A9-43DE-8892-35D2933B606F}.Release|Any CPU.ActiveCfg = Release|Any CPU
		{D1F6D495-D6A9-43DE-8892-35D2933B606F}.Release|Any CPU.Build.0 = Release|Any CPU
		{D1F6D495-D6A9-43DE-8892-35D2933B606F}.Release|x86.ActiveCfg = Release|Any CPU
		{A971B6B8-D067-4E3D-B494-185665F72867}.Debug|Any CPU.ActiveCfg = Debug|Any CPU
		{A971B6B8-D067-4E3D-B494-185665F72867}.Debug|Any CPU.Build.0 = Debug|Any CPU
		{A971B6B8-D067-4E3D-B494-185665F72867}.Debug|x86.ActiveCfg = Debug|Any CPU
		{A971B6B8-D067-4E3D-B494-185665F72867}.Release|Any CPU.ActiveCfg = Release|Any CPU
		{A971B6B8-D067-4E3D-B494-185665F72867}.Release|Any CPU.Build.0 = Release|Any CPU
		{A971B6B8-D067-4E3D-B494-185665F72867}.Release|x86.ActiveCfg = Release|Any CPU
		{9F9DD3E1-F45E-40C5-B3B6-3A9A94EA876D}.Debug|Any CPU.ActiveCfg = Debug|Any CPU
		{9F9DD3E1-F45E-40C5-B3B6-3A9A94EA876D}.Debug|Any CPU.Build.0 = Debug|Any CPU
		{9F9DD3E1-F45E-40C5-B3B6-3A9A94EA876D}.Debug|x86.ActiveCfg = Debug|Any CPU
		{9F9DD3E1-F45E-40C5-B3B6-3A9A94EA876D}.Release|Any CPU.ActiveCfg = Release|Any CPU
		{9F9DD3E1-F45E-40C5-B3B6-3A9A94EA876D}.Release|Any CPU.Build.0 = Release|Any CPU
		{9F9DD3E1-F45E-40C5-B3B6-3A9A94EA876D}.Release|x86.ActiveCfg = Release|Any CPU
		{C800631A-DF75-4120-A1B7-AA36661BEC57}.Debug|Any CPU.ActiveCfg = Debug|Any CPU
		{C800631A-DF75-4120-A1B7-AA36661BEC57}.Debug|Any CPU.Build.0 = Debug|Any CPU
		{C800631A-DF75-4120-A1B7-AA36661BEC57}.Debug|x86.ActiveCfg = Debug|Any CPU
		{C800631A-DF75-4120-A1B7-AA36661BEC57}.Release|Any CPU.ActiveCfg = Release|Any CPU
		{C800631A-DF75-4120-A1B7-AA36661BEC57}.Release|Any CPU.Build.0 = Release|Any CPU
		{C800631A-DF75-4120-A1B7-AA36661BEC57}.Release|x86.ActiveCfg = Release|Any CPU
		{77113416-956F-49AA-A756-C924F7FDD953}.Debug|Any CPU.ActiveCfg = Debug|Any CPU
		{77113416-956F-49AA-A756-C924F7FDD953}.Debug|Any CPU.Build.0 = Debug|Any CPU
		{77113416-956F-49AA-A756-C924F7FDD953}.Debug|x86.ActiveCfg = Debug|Any CPU
		{77113416-956F-49AA-A756-C924F7FDD953}.Release|Any CPU.ActiveCfg = Release|Any CPU
		{77113416-956F-49AA-A756-C924F7FDD953}.Release|Any CPU.Build.0 = Release|Any CPU
		{77113416-956F-49AA-A756-C924F7FDD953}.Release|x86.ActiveCfg = Release|Any CPU
		{B6B5DC18-2A47-4256-99CE-D226B955E474}.Debug|Any CPU.ActiveCfg = Debug|Any CPU
		{B6B5DC18-2A47-4256-99CE-D226B955E474}.Debug|Any CPU.Build.0 = Debug|Any CPU
		{B6B5DC18-2A47-4256-99CE-D226B955E474}.Debug|x86.ActiveCfg = Debug|Any CPU
		{B6B5DC18-2A47-4256-99CE-D226B955E474}.Release|Any CPU.ActiveCfg = Release|Any CPU
		{B6B5DC18-2A47-4256-99CE-D226B955E474}.Release|Any CPU.Build.0 = Release|Any CPU
		{B6B5DC18-2A47-4256-99CE-D226B955E474}.Release|x86.ActiveCfg = Release|Any CPU
		{E18DB926-1EE1-4F4F-B329-2B81A3DF629A}.Debug|Any CPU.ActiveCfg = Debug|Any CPU
		{E18DB926-1EE1-4F4F-B329-2B81A3DF629A}.Debug|Any CPU.Build.0 = Debug|Any CPU
		{E18DB926-1EE1-4F4F-B329-2B81A3DF629A}.Debug|x86.ActiveCfg = Debug|Any CPU
		{E18DB926-1EE1-4F4F-B329-2B81A3DF629A}.Release|Any CPU.ActiveCfg = Release|Any CPU
		{E18DB926-1EE1-4F4F-B329-2B81A3DF629A}.Release|Any CPU.Build.0 = Release|Any CPU
		{E18DB926-1EE1-4F4F-B329-2B81A3DF629A}.Release|x86.ActiveCfg = Release|Any CPU
		{5E48A507-7EE6-49B9-9765-D4440BD51478}.Debug|Any CPU.ActiveCfg = Debug|Any CPU
		{5E48A507-7EE6-49B9-9765-D4440BD51478}.Debug|Any CPU.Build.0 = Debug|Any CPU
		{5E48A507-7EE6-49B9-9765-D4440BD51478}.Debug|x86.ActiveCfg = Debug|Any CPU
		{5E48A507-7EE6-49B9-9765-D4440BD51478}.Release|Any CPU.ActiveCfg = Release|Any CPU
		{5E48A507-7EE6-49B9-9765-D4440BD51478}.Release|Any CPU.Build.0 = Release|Any CPU
		{5E48A507-7EE6-49B9-9765-D4440BD51478}.Release|x86.ActiveCfg = Release|Any CPU
		{C5538852-1B65-40EB-9E8B-C23F4B341AB3}.Debug|Any CPU.ActiveCfg = Debug|Any CPU
		{C5538852-1B65-40EB-9E8B-C23F4B341AB3}.Debug|Any CPU.Build.0 = Debug|Any CPU
		{C5538852-1B65-40EB-9E8B-C23F4B341AB3}.Debug|x86.ActiveCfg = Debug|Any CPU
		{C5538852-1B65-40EB-9E8B-C23F4B341AB3}.Release|Any CPU.ActiveCfg = Release|Any CPU
		{C5538852-1B65-40EB-9E8B-C23F4B341AB3}.Release|Any CPU.Build.0 = Release|Any CPU
		{C5538852-1B65-40EB-9E8B-C23F4B341AB3}.Release|x86.ActiveCfg = Release|Any CPU
	EndGlobalSection
	GlobalSection(SolutionProperties) = preSolution
		HideSolutionNode = FALSE
	EndGlobalSection
	GlobalSection(NestedProjects) = preSolution
		{D1F6D495-D6A9-43DE-8892-35D2933B606F} = {7A3AD14F-BC6C-43A6-81B0-9B0D146598D5}
		{920986F6-A7C3-4538-9774-590F01B04ECC} = {7A3AD14F-BC6C-43A6-81B0-9B0D146598D5}
		{67FB10DD-AAAF-4F0B-A21A-DC5D499D239C} = {7A3AD14F-BC6C-43A6-81B0-9B0D146598D5}
		{A971B6B8-D067-4E3D-B494-185665F72867} = {920986F6-A7C3-4538-9774-590F01B04ECC}
		{9F9DD3E1-F45E-40C5-B3B6-3A9A94EA876D} = {920986F6-A7C3-4538-9774-590F01B04ECC}
		{C800631A-DF75-4120-A1B7-AA36661BEC57} = {69DC9E5A-CE3E-460F-B217-4F3159868A23}
		{77113416-956F-49AA-A756-C924F7FDD953} = {17D3EF16-B39D-4F89-BA79-3FD88258E829}
		{B6B5DC18-2A47-4256-99CE-D226B955E474} = {17D3EF16-B39D-4F89-BA79-3FD88258E829}
		{E18DB926-1EE1-4F4F-B329-2B81A3DF629A} = {17D3EF16-B39D-4F89-BA79-3FD88258E829}
		{5E48A507-7EE6-49B9-9765-D4440BD51478} = {17D3EF16-B39D-4F89-BA79-3FD88258E829}
		{C5538852-1B65-40EB-9E8B-C23F4B341AB3} = {F710D521-FD74-4FE3-8B4C-293BBB77304B}
	EndGlobalSection
EndGlobal
